
Microsoft Visual Studio Solution File, Format Version 12.00
# Visual Studio 15
VisualStudioVersion = 15.0.27428.2037
MinimumVisualStudioVersion = 10.0.40219.1
Project("{FAE04EC0-301F-11D3-BF4B-00C04F79EFBC}") = "FileSecurity", "FileSecurity\FileSecurity.csproj", "{408499A8-DB67-4593-8D2E-0F1B67AA7F62}"
EndProject
Global
	GlobalSection(SolutionConfigurationPlatforms) = preSolution
		Debug|Any CPU = Debug|Any CPU
		Release|Any CPU = Release|Any CPU
	EndGlobalSection
	GlobalSection(ProjectConfigurationPlatforms) = postSolution
		{408499A8-DB67-4593-8D2E-0F1B67AA7F62}.Debug|Any CPU.ActiveCfg = Debug|Any CPU
		{408499A8-DB67-4593-8D2E-0F1B67AA7F62}.Debug|Any CPU.Build.0 = Debug|Any CPU
		{408499A8-DB67-4593-8D2E-0F1B67AA7F62}.Release|Any CPU.ActiveCfg = Release|Any CPU
		{408499A8-DB67-4593-8D2E-0F1B67AA7F62}.Release|Any CPU.Build.0 = Release|Any CPU
	EndGlobalSection
	GlobalSection(SolutionProperties) = preSolution
		HideSolutionNode = FALSE
	EndGlobalSection
	GlobalSection(ExtensibilityGlobals) = postSolution
		SolutionGuid = {91F9B2EB-89FF-40EF-A0B8-31F76B8F7570}
	EndGlobalSection
EndGlobal
